
Microsoft Visual Studio Solution File, Format Version 12.00
# Visual Studio Version 17
VisualStudioVersion = 17.8.34330.188
MinimumVisualStudioVersion = 10.0.40219.1
Project("{FAE04EC0-301F-11D3-BF4B-00C04F79EFBC}") = "ERP-S", "ERP-S\ERP-S.csproj", "{0CF95270-47D4-4CA2-A3EF-6F407A41C3FE}"
EndProject
Global
	GlobalSection(SolutionConfigurationPlatforms) = preSolution
		Debug|Any CPU = Debug|Any CPU
		Release|Any CPU = Release|Any CPU
	EndGlobalSection
	GlobalSection(ProjectConfigurationPlatforms) = postSolution
		{0CF95270-47D4-4CA2-A3EF-6F407A41C3FE}.Debug|Any CPU.ActiveCfg = Debug|Any CPU
		{0CF95270-47D4-4CA2-A3EF-6F407A41C3FE}.Debug|Any CPU.Build.0 = Debug|Any CPU
		{0CF95270-47D4-4CA2-A3EF-6F407A41C3FE}.Release|Any CPU.ActiveCfg = Release|Any CPU
		{0CF95270-47D4-4CA2-A3EF-6F407A41C3FE}.Release|Any CPU.Build.0 = Release|Any CPU
	EndGlobalSection
	GlobalSection(SolutionProperties) = preSolution
		HideSolutionNode = FALSE
	EndGlobalSection
	GlobalSection(ExtensibilityGlobals) = postSolution
		SolutionGuid = {8E26C575-D21A-4189-BB35-9EE5275748FD}
	EndGlobalSection
EndGlobal
